
Microsoft Visual Studio Solution File, Format Version 12.00
# Visual Studio Version 17
VisualStudioVersion = 17.10.35122.118
MinimumVisualStudioVersion = 10.0.40219.1
Project("{9A19103F-16F7-4668-BE54-9A1E7A4F7556}") = "EncapsulateVariation", "EncapsulateVariation\EncapsulateVariation.csproj", "{5BD780F0-0400-406F-B6C0-07FE415BB6DB}"
EndProject
Project("{9A19103F-16F7-4668-BE54-9A1E7A4F7556}") = "CompositionOverInheritance", "CompositionOverInheritance\CompositionOverInheritance.csproj", "{875CAF59-BCFA-40ED-A509-7AC77CD75F95}"
EndProject
Project("{FAE04EC0-301F-11D3-BF4B-00C04F79EFBC}") = "CompositionOverInheritanceApplied", "CompositionOverInheritanceApplied\CompositionOverInheritanceApplied.csproj", "{B16BF9E5-FA8F-47DE-BAE5-A3BB62CF4DE1}"
EndProject
Global
	GlobalSection(SolutionConfigurationPlatforms) = preSolution
		Debug|Any CPU = Debug|Any CPU
		Release|Any CPU = Release|Any CPU
	EndGlobalSection
	GlobalSection(ProjectConfigurationPlatforms) = postSolution
		{5BD780F0-0400-406F-B6C0-07FE415BB6DB}.Debug|Any CPU.ActiveCfg = Debug|Any CPU
		{5BD780F0-0400-406F-B6C0-07FE415BB6DB}.Debug|Any CPU.Build.0 = Debug|Any CPU
		{5BD780F0-0400-406F-B6C0-07FE415BB6DB}.Release|Any CPU.ActiveCfg = Release|Any CPU
		{5BD780F0-0400-406F-B6C0-07FE415BB6DB}.Release|Any CPU.Build.0 = Release|Any CPU
		{875CAF59-BCFA-40ED-A509-7AC77CD75F95}.Debug|Any CPU.ActiveCfg = Debug|Any CPU
		{875CAF59-BCFA-40ED-A509-7AC77CD75F95}.Debug|Any CPU.Build.0 = Debug|Any CPU
		{875CAF59-BCFA-40ED-A509-7AC77CD75F95}.Release|Any CPU.ActiveCfg = Release|Any CPU
		{875CAF59-BCFA-40ED-A509-7AC77CD75F95}.Release|Any CPU.Build.0 = Release|Any CPU
		{B16BF9E5-FA8F-47DE-BAE5-A3BB62CF4DE1}.Debug|Any CPU.ActiveCfg = Debug|Any CPU
		{B16BF9E5-FA8F-47DE-BAE5-A3BB62CF4DE1}.Debug|Any CPU.Build.0 = Debug|Any CPU
		{B16BF9E5-FA8F-47DE-BAE5-A3BB62CF4DE1}.Release|Any CPU.ActiveCfg = Release|Any CPU
		{B16BF9E5-FA8F-47DE-BAE5-A3BB62CF4DE1}.Release|Any CPU.Build.0 = Release|Any CPU
	EndGlobalSection
	GlobalSection(SolutionProperties) = preSolution
		HideSolutionNode = FALSE
	EndGlobalSection
	GlobalSection(ExtensibilityGlobals) = postSolution
		SolutionGuid = {F44EC318-2A2B-4BE5-ADD5-A6C4F1D601CE}
	EndGlobalSection
EndGlobal
